// !$*UTF8*$!
{
	archiveVersion = 1;
	classes = {
	};
	objectVersion = 52;
	objects = {

/* Begin PBXBuildFile section */
		525CB04D2562556900AD624F /* AppDelegate.swift in Sources */ = {isa = PBXBuildFile; fileRef = 525CB04C2562556900AD624F /* AppDelegate.swift */; };
		525CB04F2562556900AD624F /* SceneDelegate.swift in Sources */ = {isa = PBXBuildFile; fileRef = 525CB04E2562556900AD624F /* SceneDelegate.swift */; };
		525CB0512562556900AD624F /* ViewController.swift in Sources */ = {isa = PBXBuildFile; fileRef = 525CB0502562556900AD624F /* ViewController.swift */; };
		525CB0542562556900AD624F /* Main.storyboard in Resources */ = {isa = PBXBuildFile; fileRef = 525CB0522562556900AD624F /* Main.storyboard */; };
		525CB0572562556900AD624F /* TranslatedItem.xcdatamodeld in Sources */ = {isa = PBXBuildFile; fileRef = 525CB0552562556900AD624F /* TranslatedItem.xcdatamodeld */; };
		525CB0592562556A00AD624F /* Assets.xcassets in Resources */ = {isa = PBXBuildFile; fileRef = 525CB0582562556A00AD624F /* Assets.xcassets */; };
		525CB05C2562556A00AD624F /* LaunchScreen.storyboard in Resources */ = {isa = PBXBuildFile; fileRef = 525CB05A2562556A00AD624F /* LaunchScreen.storyboard */; };
		525CB0672562560600AD624F /* SwiftGoogleTranslate in Frameworks */ = {isa = PBXBuildFile; productRef = 525CB0662562560600AD624F /* SwiftGoogleTranslate */; };
/* End PBXBuildFile section */

/* Begin PBXFileReference section */
		525CB0492562556900AD624F /* Translator.app */ = {isa = PBXFileReference; explicitFileType = wrapper.application; includeInIndex = 0; path = Translator.app; sourceTree = BUILT_PRODUCTS_DIR; };
		525CB04C2562556900AD624F /* AppDelegate.swift */ = {isa = PBXFileReference; lastKnownFileType = sourcecode.swift; path = AppDelegate.swift; sourceTree = "<group>"; };
		525CB04E2562556900AD624F /* SceneDelegate.swift */ = {isa = PBXFileReference; lastKnownFileType = sourcecode.swift; path = SceneDelegate.swift; sourceTree = "<group>"; };
		525CB0502562556900AD624F /* ViewController.swift */ = {isa = PBXFileReference; lastKnownFileType = sourcecode.swift; path = ViewController.swift; sourceTree = "<group>"; };
		525CB0532562556900AD624F /* Base */ = {isa = PBXFileReference; lastKnownFileType = file.storyboard; name = Base; path = Base.lproj/Main.storyboard; sourceTree = "<group>"; };
		525CB0562562556900AD624F /* Translator.xcdatamodel */ = {isa = PBXFileReference; lastKnownFileType = wrapper.xcdatamodel; path = Translator.xcdatamodel; sourceTree = "<group>"; };
		525CB0582562556A00AD624F /* Assets.xcassets */ = {isa = PBXFileReference; lastKnownFileType = folder.assetcatalog; path = Assets.xcassets; sourceTree = "<group>"; };
		525CB05B2562556A00AD624F /* Base */ = {isa = PBXFileReference; lastKnownFileType = file.storyboard; name = Base; path = Base.lproj/LaunchScreen.storyboard; sourceTree = "<group>"; };
		525CB05D2562556A00AD624F /* Info.plist */ = {isa = PBXFileReference; lastKnownFileType = text.plist.xml; path = Info.plist; sourceTree = "<group>"; };
/* End PBXFileReference section */

/* Begin PBXFrameworksBuildPhase section */
		525CB0462562556900AD624F /* Frameworks */ = {
			isa = PBXFrameworksBuildPhase;
			buildActionMask = 2147483647;
			files = (
				525CB0672562560600AD624F /* SwiftGoogleTranslate in Frameworks */,
			);
			runOnlyForDeploymentPostprocessing = 0;
		};
/* End PBXFrameworksBuildPhase section */

/* Begin PBXGroup section */
		525CB0402562556900AD624F = {
			isa = PBXGroup;
			children = (
				525CB04B2562556900AD624F /* Translator */,
				525CB04A2562556900AD624F /* Products */,
			);
			sourceTree = "<group>";
		};
		525CB04A2562556900AD624F /* Products */ = {
			isa = PBXGroup;
			children = (
				525CB0492562556900AD624F /* Translator.app */,
			);
			name = Products;
			sourceTree = "<group>";
		};
		525CB04B2562556900AD624F /* Translator */ = {
			isa = PBXGroup;
			children = (
				525CB04C2562556900AD624F /* AppDelegate.swift */,
				525CB04E2562556900AD624F /* SceneDelegate.swift */,
				525CB0502562556900AD624F /* ViewController.swift */,
				525CB0522562556900AD624F /* Main.storyboard */,
				525CB0582562556A00AD624F /* Assets.xcassets */,
				525CB05A2562556A00AD624F /* LaunchScreen.storyboard */,
				525CB05D2562556A00AD624F /* Info.plist */,
				525CB0552562556900AD624F /* TranslatedItem.xcdatamodeld */,
			);
			path = Translator;
			sourceTree = "<group>";
		};
/* End PBXGroup section */

/* Begin PBXNativeTarget section */
		525CB0482562556900AD624F /* Translator */ = {
			isa = PBXNativeTarget;
			buildConfigurationList = 525CB0602562556A00AD624F /* Build configuration list for PBXNativeTarget "Translator" */;
			buildPhases = (
				525CB0452562556900AD624F /* Sources */,
				525CB0462562556900AD624F /* Frameworks */,
				525CB0472562556900AD624F /* Resources */,
			);
			buildRules = (
			);
			dependencies = (
			);
			name = Translator;
			packageProductDependencies = (
				525CB0662562560600AD624F /* SwiftGoogleTranslate */,
			);
			productName = Translator;
			productReference = 525CB0492562556900AD624F /* Translator.app */;
			productType = "com.apple.product-type.application";
		};
/* End PBXNativeTarget section */

/* Begin PBXProject section */
		525CB0412562556900AD624F /* Project object */ = {
			isa = PBXProject;
			attributes = {
				LastSwiftUpdateCheck = 1220;
				LastUpgradeCheck = 1220;
				TargetAttributes = {
					525CB0482562556900AD624F = {
						CreatedOnToolsVersion = 12.2;
					};
				};
			};
			buildConfigurationList = 525CB0442562556900AD624F /* Build configuration list for PBXProject "Translator" */;
			compatibilityVersion = "Xcode 9.3";
			developmentRegion = en;
			hasScannedForEncodings = 0;
			knownRegions = (
				en,
				Base,
			);
			mainGroup = 525CB0402562556900AD624F;
			packageReferences = (
				525CB0652562560600AD624F /* XCRemoteSwiftPackageReference "SwiftGoogleTranslate" */,
			);
			productRefGroup = 525CB04A2562556900AD624F /* Products */;
			projectDirPath = "";
			projectRoot = "";
			targets = (
				525CB0482562556900AD624F /* Translator */,
			);
		};
/* End PBXProject section */

/* Begin PBXResourcesBuildPhase section */
		525CB0472562556900AD624F /* Resources */ = {
			isa = PBXResourcesBuildPhase;
			buildActionMask = 2147483647;
			files = (
				525CB05C2562556A00AD624F /* LaunchScreen.storyboard in Resources */,
				525CB0592562556A00AD624F /* Assets.xcassets in Resources */,
				525CB0542562556900AD624F /* Main.storyboard in Resources */,
			);
			runOnlyForDeploymentPostprocessing = 0;
		};
/* End PBXResourcesBuildPhase section */

/* Begin PBXSourcesBuildPhase section */
		525CB0452562556900AD624F /* Sources */ = {
			isa = PBXSourcesBuildPhase;
			buildActionMask = 2147483647;
			files = (
				525CB0512562556900AD624F /* ViewController.swift in Sources */,
				525CB0572562556900AD624F /* TranslatedItem.xcdatamodeld in Sources */,
				525CB04D2562556900AD624F /* AppDelegate.swift in Sources */,
				525CB04F2562556900AD624F /* SceneDelegate.swift in Sources */,
			);
			runOnlyForDeploymentPostprocessing = 0;
		};
/* End PBXSourcesBuildPhase section */

/* Begin PBXVariantGroup section */
		525CB0522562556900AD624F /* Main.storyboard */ = {
			isa = PBXVariantGroup;
			children = (
				525CB0532562556900AD624F /* Base */,
			);
			name = Main.storyboard;
			sourceTree = "<group>";
		};
		525CB05A2562556A00AD624F /* LaunchScreen.storyboard */ = {
			isa = PBXVariantGroup;
			children = (
				525CB05B2562556A00AD624F /* Base */,
			);
			name = LaunchScreen.storyboard;
			sourceTree = "<group>";
		};
/* End PBXVariantGroup section */

/* Begin XCBuildConfiguration section */
		525CB05E2562556A00AD624F /* Debug */ = {
			isa = XCBuildConfiguration;
			buildSettings = {
				ALWAYS_SEARCH_USER_PATHS = NO;
				CLANG_ANALYZER_NONNULL = YES;
				CLANG_ANALYZER_NUMBER_OBJECT_CONVERSION = YES_AGGRESSIVE;
				CLANG_CXX_LANGUAGE_STANDARD = "gnu++14";
				CLANG_CXX_LIBRARY = "libc++";
				CLANG_ENABLE_MODULES = YES;
				CLANG_ENABLE_OBJC_ARC = YES;
				CLANG_ENABLE_OBJC_WEAK = YES;
				CLANG_WARN_BLOCK_CAPTURE_AUTORELEASING = YES;
				CLANG_WARN_BOOL_CONVERSION = YES;
				CLANG_WARN_COMMA = YES;
				CLANG_WARN_CONSTANT_CONVERSION = YES;
				CLANG_WARN_DEPRECATED_OBJC_IMPLEMENTATIONS = YES;
				CLANG_WARN_DIRECT_OBJC_ISA_USAGE = YES_ERROR;
				CLANG_WARN_DOCUMENTATION_COMMENTS = YES;
				CLANG_WARN_EMPTY_BODY = YES;
				CLANG_WARN_ENUM_CONVERSION = YES;
				CLANG_WARN_INFINITE_RECURSION = YES;
				CLANG_WARN_INT_CONVERSION = YES;
				CLANG_WARN_NON_LITERAL_NULL_CONVERSION = YES;
				CLANG_WARN_OBJC_IMPLICIT_RETAIN_SELF = YES;
				CLANG_WARN_OBJC_LITERAL_CONVERSION = YES;
				CLANG_WARN_OBJC_ROOT_CLASS = YES_ERROR;
				CLANG_WARN_QUOTED_INCLUDE_IN_FRAMEWORK_HEADER = YES;
				CLANG_WARN_RANGE_LOOP_ANALYSIS = YES;
				CLANG_WARN_STRICT_PROTOTYPES = YES;
				CLANG_WARN_SUSPICIOUS_MOVE = YES;
				CLANG_WARN_UNGUARDED_AVAILABILITY = YES_AGGRESSIVE;
				CLANG_WARN_UNREACHABLE_CODE = YES;
				CLANG_WARN__DUPLICATE_METHOD_MATCH = YES;
				COPY_PHASE_STRIP = NO;
				DEBUG_INFORMATION_FORMAT = dwarf;
				ENABLE_STRICT_OBJC_MSGSEND = YES;
				ENABLE_TESTABILITY = YES;
				GCC_C_LANGUAGE_STANDARD = gnu11;
				GCC_DYNAMIC_NO_PIC = NO;
				GCC_NO_COMMON_BLOCKS = YES;
				GCC_OPTIMIZATION_LEVEL = 0;
				GCC_PREPROCESSOR_DEFINITIONS = (
					"DEBUG=1",
					"$(inherited)",
				);
				GCC_WARN_64_TO_32_BIT_CONVERSION = YES;
				GCC_WARN_ABOUT_RETURN_TYPE = YES_ERROR;
				GCC_WARN_UNDECLARED_SELECTOR = YES;
				GCC_WARN_UNINITIALIZED_AUTOS = YES_AGGRESSIVE;
				GCC_WARN_UNUSED_FUNCTION = YES;
				GCC_WARN_UNUSED_VARIABLE = YES;
				IPHONEOS_DEPLOYMENT_TARGET = 14.2;
				MTL_ENABLE_DEBUG_INFO = INCLUDE_SOURCE;
				MTL_FAST_MATH = YES;
				ONLY_ACTIVE_ARCH = YES;
				SDKROOT = iphoneos;
				SWIFT_ACTIVE_COMPILATION_CONDITIONS = DEBUG;
				SWIFT_OPTIMIZATION_LEVEL = "-Onone";
			};
			name = Debug;
		};
		525CB05F2562556A00AD624F /* Release */ = {
			isa = XCBuildConfiguration;
			buildSettings = {
				ALWAYS_SEARCH_USER_PATHS = NO;
				CLANG_ANALYZER_NONNULL = YES;
				CLANG_ANALYZER_NUMBER_OBJECT_CONVERSION = YES_AGGRESSIVE;
				CLANG_CXX_LANGUAGE_STANDARD = "gnu++14";
				CLANG_CXX_LIBRARY = "libc++";
				CLANG_ENABLE_MODULES = YES;
				CLANG_ENABLE_OBJC_ARC = YES;
				CLANG_ENABLE_OBJC_WEAK = YES;
				CLANG_WARN_BLOCK_CAPTURE_AUTORELEASING = YES;
				CLANG_WARN_BOOL_CONVERSION = YES;
				CLANG_WARN_COMMA = YES;
				CLANG_WARN_CONSTANT_CONVERSION = YES;
				CLANG_WARN_DEPRECATED_OBJC_IMPLEMENTATIONS = YES;
				CLANG_WARN_DIRECT_OBJC_ISA_USAGE = YES_ERROR;
				CLANG_WARN_DOCUMENTATION_COMMENTS = YES;
				CLANG_WARN_EMPTY_BODY = YES;
				CLANG_WARN_ENUM_CONVERSION = YES;
				CLANG_WARN_INFINITE_RECURSION = YES;
				CLANG_WARN_INT_CONVERSION = YES;
				CLANG_WARN_NON_LITERAL_NULL_CONVERSION = YES;
				CLANG_WARN_OBJC_IMPLICIT_RETAIN_SELF = YES;
				CLANG_WARN_OBJC_LITERAL_CONVERSION = YES;
				CLANG_WARN_OBJC_ROOT_CLASS = YES_ERROR;
				CLANG_WARN_QUOTED_INCLUDE_IN_FRAMEWORK_HEADER = YES;
				CLANG_WARN_RANGE_LOOP_ANALYSIS = YES;
				CLANG_WARN_STRICT_PROTOTYPES = YES;
				CLANG_WARN_SUSPICIOUS_MOVE = YES;
				CLANG_WARN_UNGUARDED_AVAILABILITY = YES_AGGRESSIVE;
				CLANG_WARN_UNREACHABLE_CODE = YES;
				CLANG_WARN__DUPLICATE_METHOD_MATCH = YES;
				COPY_PHASE_STRIP = NO;
				DEBUG_INFORMATION_FORMAT = "dwarf-with-dsym";
				ENABLE_NS_ASSERTIONS = NO;
				ENABLE_STRICT_OBJC_MSGSEND = YES;
				GCC_C_LANGUAGE_STANDARD = gnu11;
				GCC_NO_COMMON_BLOCKS = YES;
				GCC_WARN_64_TO_32_BIT_CONVERSION = YES;
				GCC_WARN_ABOUT_RETURN_TYPE = YES_ERROR;
				GCC_WARN_UNDECLARED_SELECTOR = YES;
				GCC_WARN_UNINITIALIZED_AUTOS = YES_AGGRESSIVE;
				GCC_WARN_UNUSED_FUNCTION = YES;
				GCC_WARN_UNUSED_VARIABLE = YES;
				IPHONEOS_DEPLOYMENT_TARGET = 14.2;
				MTL_ENABLE_DEBUG_INFO = NO;
				MTL_FAST_MATH = YES;
				SDKROOT = iphoneos;
				SWIFT_COMPILATION_MODE = wholemodule;
				SWIFT_OPTIMIZATION_LEVEL = "-O";
				VALIDATE_PRODUCT = YES;
			};
			name = Release;
		};
		525CB0612562556A00AD624F /* Debug */ = {
			isa = XCBuildConfiguration;
			buildSettings = {
				ASSETCATALOG_COMPILER_APPICON_NAME = AppIcon;
				ASSETCATALOG_COMPILER_GLOBAL_ACCENT_COLOR_NAME = AccentColor;
				CODE_SIGN_STYLE = Automatic;
				DEVELOPMENT_TEAM = M8QNZ7N62J;
				INFOPLIST_FILE = Translator/Info.plist;
				IPHONEOS_DEPLOYMENT_TARGET = 13.0;
				LD_RUNPATH_SEARCH_PATHS = (
					"$(inherited)",
					"@executable_path/Frameworks",
				);
				PRODUCT_BUNDLE_IDENTIFIER = com.tami.Translator;
				PRODUCT_NAME = "$(TARGET_NAME)";
				SWIFT_VERSION = 5.0;
				TARGETED_DEVICE_FAMILY = "1,2";
			};
			name = Debug;
		};
		525CB0622562556A00AD624F /* Release */ = {
			isa = XCBuildConfiguration;
			buildSettings = {
				ASSETCATALOG_COMPILER_APPICON_NAME = AppIcon;
				ASSETCATALOG_COMPILER_GLOBAL_ACCENT_COLOR_NAME = AccentColor;
				CODE_SIGN_STYLE = Automatic;
				DEVELOPMENT_TEAM = M8QNZ7N62J;
				INFOPLIST_FILE = Translator/Info.plist;
				IPHONEOS_DEPLOYMENT_TARGET = 13.0;
				LD_RUNPATH_SEARCH_PATHS = (
					"$(inherited)",
					"@executable_path/Frameworks",
				);
				PRODUCT_BUNDLE_IDENTIFIER = com.tami.Translator;
				PRODUCT_NAME = "$(TARGET_NAME)";
				SWIFT_VERSION = 5.0;
				TARGETED_DEVICE_FAMILY = "1,2";
			};
			name = Release;
		};
/* End XCBuildConfiguration section */

/* Begin XCConfigurationList section */
		525CB0442562556900AD624F /* Build configuration list for PBXProject "Translator" */ = {
			isa = XCConfigurationList;
			buildConfigurations = (
				525CB05E2562556A00AD624F /* Debug */,
				525CB05F2562556A00AD624F /* Release */,
			);
			defaultConfigurationIsVisible = 0;
			defaultConfigurationName = Release;
		};
		525CB0602562556A00AD624F /* Build configuration list for PBXNativeTarget "Translator" */ = {
			isa = XCConfigurationList;
			buildConfigurations = (
				525CB0612562556A00AD624F /* Debug */,
				525CB0622562556A00AD624F /* Release */,
			);
			defaultConfigurationIsVisible = 0;
			defaultConfigurationName = Release;
		};
/* End XCConfigurationList section */

/* Begin XCRemoteSwiftPackageReference section */
		525CB0652562560600AD624F /* XCRemoteSwiftPackageReference "SwiftGoogleTranslate" */ = {
			isa = XCRemoteSwiftPackageReference;
			repositoryURL = "https://github.com/maximbilan/SwiftGoogleTranslate";
			requirement = {
				branch = master;
				kind = branch;
			};
		};
/* End XCRemoteSwiftPackageReference section */

/* Begin XCSwiftPackageProductDependency section */
		525CB0662562560600AD624F /* SwiftGoogleTranslate */ = {
			isa = XCSwiftPackageProductDependency;
			package = 525CB0652562560600AD624F /* XCRemoteSwiftPackageReference "SwiftGoogleTranslate" */;
			productName = SwiftGoogleTranslate;
		};
/* End XCSwiftPackageProductDependency section */

/* Begin XCVersionGroup section */
		525CB0552562556900AD624F /* TranslatedItem.xcdatamodeld */ = {
			isa = XCVersionGroup;
			children = (
				525CB0562562556900AD624F /* Translator.xcdatamodel */,
			);
			currentVersion = 525CB0562562556900AD624F /* Translator.xcdatamodel */;
			path = TranslatedItem.xcdatamodeld;
			sourceTree = "<group>";
			versionGroupType = wrapper.xcdatamodel;
		};
/* End XCVersionGroup section */
	};
	rootObject = 525CB0412562556900AD624F /* Project object */;
}
